
Microsoft Visual Studio Solution File, Format Version 12.00
# Visual Studio 15
VisualStudioVersion = 15.0.28307.1267
MinimumVisualStudioVersion = 10.0.40219.1
Project("{FAE04EC0-301F-11D3-BF4B-00C04F79EFBC}") = "Client", "Client\Client.csproj", "{624C8327-F9B1-4FA4-AD53-62354A6C1BCD}"
EndProject
Project("{FAE04EC0-301F-11D3-BF4B-00C04F79EFBC}") = "Server", "Server\Server.csproj", "{E659A6BF-B137-496D-A981-508B70036CB5}"
EndProject
Global
	GlobalSection(SolutionConfigurationPlatforms) = preSolution
		Debug|Any CPU = Debug|Any CPU
		Release|Any CPU = Release|Any CPU
	EndGlobalSection
	GlobalSection(ProjectConfigurationPlatforms) = postSolution
		{624C8327-F9B1-4FA4-AD53-62354A6C1BCD}.Debug|Any CPU.ActiveCfg = Debug|Any CPU
		{624C8327-F9B1-4FA4-AD53-62354A6C1BCD}.Debug|Any CPU.Build.0 = Debug|Any CPU
		{624C8327-F9B1-4FA4-AD53-62354A6C1BCD}.Release|Any CPU.ActiveCfg = Release|Any CPU
		{624C8327-F9B1-4FA4-AD53-62354A6C1BCD}.Release|Any CPU.Build.0 = Release|Any CPU
		{E659A6BF-B137-496D-A981-508B70036CB5}.Debug|Any CPU.ActiveCfg = Debug|Any CPU
		{E659A6BF-B137-496D-A981-508B70036CB5}.Debug|Any CPU.Build.0 = Debug|Any CPU
		{E659A6BF-B137-496D-A981-508B70036CB5}.Release|Any CPU.ActiveCfg = Release|Any CPU
		{E659A6BF-B137-496D-A981-508B70036CB5}.Release|Any CPU.Build.0 = Release|Any CPU
	EndGlobalSection
	GlobalSection(SolutionProperties) = preSolution
		HideSolutionNode = FALSE
	EndGlobalSection
	GlobalSection(ExtensibilityGlobals) = postSolution
		SolutionGuid = {C0649A96-ECE2-4C84-9FA3-FF08EEF320C3}
	EndGlobalSection
EndGlobal
